# THIS IS AN AUTOGENERATED FILE. DO NOT EDIT THIS FILE DIRECTLY.
# yarn lockfile v1


"@prisma/client@^6.0.1":
  version "6.0.1"
  resolved "https://registry.yarnpkg.com/@prisma/client/-/client-6.0.1.tgz#e24c5a44fb46d04a92426879bd9f8a2c28338420"
  integrity sha512-60w7kL6bUxz7M6Gs/V+OWMhwy94FshpngVmOY05TmGD0Lhk+Ac0ZgtjlL6Wll9TD4G03t4Sq1wZekNVy+Xdlbg==

"@prisma/debug@6.0.1":
  version "6.0.1"
  resolved "https://registry.yarnpkg.com/@prisma/debug/-/debug-6.0.1.tgz#8407544dd89c8bf85a6e9889ea263fe0e1ccebe2"
  integrity sha512-jQylgSOf7ibTVxqBacnAlVGvek6fQxJIYCQOeX2KexsfypNzXjJQSS2o5s+Mjj2Np93iSOQUaw6TvPj8syhG4w==

"@prisma/engines-version@5.23.0-27.5dbef10bdbfb579e07d35cc85fb1518d357cb99e":
  version "5.23.0-27.5dbef10bdbfb579e07d35cc85fb1518d357cb99e"
  resolved "https://registry.yarnpkg.com/@prisma/engines-version/-/engines-version-5.23.0-27.5dbef10bdbfb579e07d35cc85fb1518d357cb99e.tgz#2db5a05d014aac504e8574da6b96ac3d9a617526"
  integrity sha512-JmIds0Q2/vsOmnuTJYxY4LE+sajqjYKhLtdOT6y4imojqv5d/aeVEfbBGC74t8Be1uSp0OP8lxIj2OqoKbLsfQ==

"@prisma/engines@6.0.1":
  version "6.0.1"
  resolved "https://registry.yarnpkg.com/@prisma/engines/-/engines-6.0.1.tgz#b64afa9b4e2bedc2b6488b15f9d867c8672b33ee"
  integrity sha512-4hxzI+YQIR2uuDyVsDooFZGu5AtixbvM2psp+iayDZ4hRrAHo/YwgA17N23UWq7G6gRu18NvuNMb48qjP3DPQw==
  dependencies:
    "@prisma/debug" "6.0.1"
    "@prisma/engines-version" "5.23.0-27.5dbef10bdbfb579e07d35cc85fb1518d357cb99e"
    "@prisma/fetch-engine" "6.0.1"
    "@prisma/get-platform" "6.0.1"

"@prisma/fetch-engine@6.0.1":
  version "6.0.1"
  resolved "https://registry.yarnpkg.com/@prisma/fetch-engine/-/fetch-engine-6.0.1.tgz#1e3affb7a749caaf366239c7d61ae7b19d3e7e00"
  integrity sha512-T36bWFVGeGYYSyYOj9d+O9G3sBC+pAyMC+jc45iSL63/Haq1GrYjQPgPMxrEj9m739taXrupoysRedQ+VyvM/Q==
  dependencies:
    "@prisma/debug" "6.0.1"
    "@prisma/engines-version" "5.23.0-27.5dbef10bdbfb579e07d35cc85fb1518d357cb99e"
    "@prisma/get-platform" "6.0.1"

"@prisma/get-platform@6.0.1":
  version "6.0.1"
  resolved "https://registry.yarnpkg.com/@prisma/get-platform/-/get-platform-6.0.1.tgz#322dae7e8862c9b849384b820b81ecd4006e1d63"
  integrity sha512-zspC9vlxAqx4E6epMPMLLBMED2VD8axDe8sPnquZ8GOsn6tiacWK0oxrGK4UAHYzYUVuMVUApJbdXB2dFpLhvg==
  dependencies:
    "@prisma/debug" "6.0.1"

fsevents@2.3.3:
  version "2.3.3"
  resolved "https://registry.yarnpkg.com/fsevents/-/fsevents-2.3.3.tgz#cac6407785d03675a2a5e1a5305c697b347d90d6"
  integrity sha512-5xoDfX+fL7faATnagmWPpbFtwh/R77WmMMqqHGS65C3vvB0YHrgF+B1YmZ3441tMj5n63k0212XNoJwzlhffQw==

prisma@^6.0.1:
  version "6.0.1"
  resolved "https://registry.yarnpkg.com/prisma/-/prisma-6.0.1.tgz#63bf769c798b98986aeaf9cddbf12193f9e2c356"
  integrity sha512-CaMNFHkf+DDq8zq3X/JJsQ4Koy7dyWwwtOKibkT/Am9j/tDxcfbg7+lB1Dzhx18G/+RQCMgjPYB61bhRqteNBQ==
  dependencies:
    "@prisma/engines" "6.0.1"
  optionalDependencies:
    fsevents "2.3.3"
